
Microsoft Visual Studio Solution File, Format Version 12.00
# Visual Studio Version 16
VisualStudioVersion = 16.0.29905.134
MinimumVisualStudioVersion = 10.0.40219.1
Project("{FAE04EC0-301F-11D3-BF4B-00C04F79EFBC}") = "030Funcoes", "030Funcoes\030Funcoes.csproj", "{226FB3F2-1BD3-4FE3-A9C3-7A131FCF8965}"
EndProject
Global
	GlobalSection(SolutionConfigurationPlatforms) = preSolution
		Debug|Any CPU = Debug|Any CPU
		Release|Any CPU = Release|Any CPU
	EndGlobalSection
	GlobalSection(ProjectConfigurationPlatforms) = postSolution
		{226FB3F2-1BD3-4FE3-A9C3-7A131FCF8965}.Debug|Any CPU.ActiveCfg = Debug|Any CPU
		{226FB3F2-1BD3-4FE3-A9C3-7A131FCF8965}.Debug|Any CPU.Build.0 = Debug|Any CPU
		{226FB3F2-1BD3-4FE3-A9C3-7A131FCF8965}.Release|Any CPU.ActiveCfg = Release|Any CPU
		{226FB3F2-1BD3-4FE3-A9C3-7A131FCF8965}.Release|Any CPU.Build.0 = Release|Any CPU
	EndGlobalSection
	GlobalSection(SolutionProperties) = preSolution
		HideSolutionNode = FALSE
	EndGlobalSection
	GlobalSection(ExtensibilityGlobals) = postSolution
		SolutionGuid = {547CEF79-DC39-4E1A-8901-2C02A2EE6758}
	EndGlobalSection
EndGlobal
