
Microsoft Visual Studio Solution File, Format Version 12.00
# Visual Studio Version 16
VisualStudioVersion = 16.0.30011.22
MinimumVisualStudioVersion = 10.0.40219.1
Project("{FAE04EC0-301F-11D3-BF4B-00C04F79EFBC}") = "081Exercicio", "081Exercicio\081Exercicio.csproj", "{AD4C4779-46EA-4AA8-904C-EDE7D26451D9}"
EndProject
Global
	GlobalSection(SolutionConfigurationPlatforms) = preSolution
		Debug|Any CPU = Debug|Any CPU
		Release|Any CPU = Release|Any CPU
	EndGlobalSection
	GlobalSection(ProjectConfigurationPlatforms) = postSolution
		{AD4C4779-46EA-4AA8-904C-EDE7D26451D9}.Debug|Any CPU.ActiveCfg = Debug|Any CPU
		{AD4C4779-46EA-4AA8-904C-EDE7D26451D9}.Debug|Any CPU.Build.0 = Debug|Any CPU
		{AD4C4779-46EA-4AA8-904C-EDE7D26451D9}.Release|Any CPU.ActiveCfg = Release|Any CPU
		{AD4C4779-46EA-4AA8-904C-EDE7D26451D9}.Release|Any CPU.Build.0 = Release|Any CPU
	EndGlobalSection
	GlobalSection(SolutionProperties) = preSolution
		HideSolutionNode = FALSE
	EndGlobalSection
	GlobalSection(ExtensibilityGlobals) = postSolution
		SolutionGuid = {7735844C-E34F-4FF8-B48C-4FB4AD0B4035}
	EndGlobalSection
EndGlobal
