
Microsoft Visual Studio Solution File, Format Version 12.00
# Visual Studio Version 16
VisualStudioVersion = 16.0.29926.136
MinimumVisualStudioVersion = 10.0.40219.1
Project("{FAE04EC0-301F-11D3-BF4B-00C04F79EFBC}") = "057AutoProperties", "057AutoProperties\057AutoProperties.csproj", "{35395D13-069C-4BF4-B721-C7147D236A7F}"
EndProject
Global
	GlobalSection(SolutionConfigurationPlatforms) = preSolution
		Debug|Any CPU = Debug|Any CPU
		Release|Any CPU = Release|Any CPU
	EndGlobalSection
	GlobalSection(ProjectConfigurationPlatforms) = postSolution
		{35395D13-069C-4BF4-B721-C7147D236A7F}.Debug|Any CPU.ActiveCfg = Debug|Any CPU
		{35395D13-069C-4BF4-B721-C7147D236A7F}.Debug|Any CPU.Build.0 = Debug|Any CPU
		{35395D13-069C-4BF4-B721-C7147D236A7F}.Release|Any CPU.ActiveCfg = Release|Any CPU
		{35395D13-069C-4BF4-B721-C7147D236A7F}.Release|Any CPU.Build.0 = Release|Any CPU
	EndGlobalSection
	GlobalSection(SolutionProperties) = preSolution
		HideSolutionNode = FALSE
	EndGlobalSection
	GlobalSection(ExtensibilityGlobals) = postSolution
		SolutionGuid = {09553EC3-70FF-47DB-88B1-82A24C6C7BAC}
	EndGlobalSection
EndGlobal
