
Microsoft Visual Studio Solution File, Format Version 12.00
# Visual Studio Version 16
VisualStudioVersion = 16.0.30002.166
MinimumVisualStudioVersion = 10.0.40219.1
Project("{FAE04EC0-301F-11D3-BF4B-00C04F79EFBC}") = "068Nullable", "068Nullable\068Nullable.csproj", "{E957F468-F1C6-4E44-8925-131CFA94FDD1}"
EndProject
Global
	GlobalSection(SolutionConfigurationPlatforms) = preSolution
		Debug|Any CPU = Debug|Any CPU
		Release|Any CPU = Release|Any CPU
	EndGlobalSection
	GlobalSection(ProjectConfigurationPlatforms) = postSolution
		{E957F468-F1C6-4E44-8925-131CFA94FDD1}.Debug|Any CPU.ActiveCfg = Debug|Any CPU
		{E957F468-F1C6-4E44-8925-131CFA94FDD1}.Debug|Any CPU.Build.0 = Debug|Any CPU
		{E957F468-F1C6-4E44-8925-131CFA94FDD1}.Release|Any CPU.ActiveCfg = Release|Any CPU
		{E957F468-F1C6-4E44-8925-131CFA94FDD1}.Release|Any CPU.Build.0 = Release|Any CPU
	EndGlobalSection
	GlobalSection(SolutionProperties) = preSolution
		HideSolutionNode = FALSE
	EndGlobalSection
	GlobalSection(ExtensibilityGlobals) = postSolution
		SolutionGuid = {A808AB8E-9AA2-4160-B65D-0306989DA392}
	EndGlobalSection
EndGlobal
