
Microsoft Visual Studio Solution File, Format Version 12.00
# Visual Studio Version 16
VisualStudioVersion = 16.0.30011.22
MinimumVisualStudioVersion = 10.0.40219.1
Project("{FAE04EC0-301F-11D3-BF4B-00C04F79EFBC}") = "086Var", "086Var\086Var.csproj", "{975DBDB2-B785-4366-87EA-836313C9C250}"
EndProject
Global
	GlobalSection(SolutionConfigurationPlatforms) = preSolution
		Debug|Any CPU = Debug|Any CPU
		Release|Any CPU = Release|Any CPU
	EndGlobalSection
	GlobalSection(ProjectConfigurationPlatforms) = postSolution
		{975DBDB2-B785-4366-87EA-836313C9C250}.Debug|Any CPU.ActiveCfg = Debug|Any CPU
		{975DBDB2-B785-4366-87EA-836313C9C250}.Debug|Any CPU.Build.0 = Debug|Any CPU
		{975DBDB2-B785-4366-87EA-836313C9C250}.Release|Any CPU.ActiveCfg = Release|Any CPU
		{975DBDB2-B785-4366-87EA-836313C9C250}.Release|Any CPU.Build.0 = Release|Any CPU
	EndGlobalSection
	GlobalSection(SolutionProperties) = preSolution
		HideSolutionNode = FALSE
	EndGlobalSection
	GlobalSection(ExtensibilityGlobals) = postSolution
		SolutionGuid = {127EFED9-749B-46C0-AEF9-9E9356F0B7EF}
	EndGlobalSection
EndGlobal
