
Microsoft Visual Studio Solution File, Format Version 12.00
# Visual Studio Version 16
VisualStudioVersion = 16.0.29905.134
MinimumVisualStudioVersion = 10.0.40219.1
Project("{FAE04EC0-301F-11D3-BF4B-00C04F79EFBC}") = "006Exercicio", "006Exercicio\006Exercicio.csproj", "{86333AEF-2406-4B24-B463-2A4B2929D13C}"
EndProject
Global
	GlobalSection(SolutionConfigurationPlatforms) = preSolution
		Debug|Any CPU = Debug|Any CPU
		Release|Any CPU = Release|Any CPU
	EndGlobalSection
	GlobalSection(ProjectConfigurationPlatforms) = postSolution
		{86333AEF-2406-4B24-B463-2A4B2929D13C}.Debug|Any CPU.ActiveCfg = Debug|Any CPU
		{86333AEF-2406-4B24-B463-2A4B2929D13C}.Debug|Any CPU.Build.0 = Debug|Any CPU
		{86333AEF-2406-4B24-B463-2A4B2929D13C}.Release|Any CPU.ActiveCfg = Release|Any CPU
		{86333AEF-2406-4B24-B463-2A4B2929D13C}.Release|Any CPU.Build.0 = Release|Any CPU
	EndGlobalSection
	GlobalSection(SolutionProperties) = preSolution
		HideSolutionNode = FALSE
	EndGlobalSection
	GlobalSection(ExtensibilityGlobals) = postSolution
		SolutionGuid = {CA30D37E-6957-48C4-9E01-1E4D20B3277B}
	EndGlobalSection
EndGlobal
