
Microsoft Visual Studio Solution File, Format Version 12.00
# Visual Studio Version 16
VisualStudioVersion = 16.0.30011.22
MinimumVisualStudioVersion = 10.0.40219.1
Project("{FAE04EC0-301F-11D3-BF4B-00C04F79EFBC}") = "089FuncoesString", "089FuncoesString\089FuncoesString.csproj", "{240B7ACE-7CBA-4352-8999-905247F69F30}"
EndProject
Global
	GlobalSection(SolutionConfigurationPlatforms) = preSolution
		Debug|Any CPU = Debug|Any CPU
		Release|Any CPU = Release|Any CPU
	EndGlobalSection
	GlobalSection(ProjectConfigurationPlatforms) = postSolution
		{240B7ACE-7CBA-4352-8999-905247F69F30}.Debug|Any CPU.ActiveCfg = Debug|Any CPU
		{240B7ACE-7CBA-4352-8999-905247F69F30}.Debug|Any CPU.Build.0 = Debug|Any CPU
		{240B7ACE-7CBA-4352-8999-905247F69F30}.Release|Any CPU.ActiveCfg = Release|Any CPU
		{240B7ACE-7CBA-4352-8999-905247F69F30}.Release|Any CPU.Build.0 = Release|Any CPU
	EndGlobalSection
	GlobalSection(SolutionProperties) = preSolution
		HideSolutionNode = FALSE
	EndGlobalSection
	GlobalSection(ExtensibilityGlobals) = postSolution
		SolutionGuid = {A6DAF539-8F8C-4C59-B913-3D9D58EE139D}
	EndGlobalSection
EndGlobal
