
Microsoft Visual Studio Solution File, Format Version 12.00
# Visual Studio Version 16
VisualStudioVersion = 16.0.29905.134
MinimumVisualStudioVersion = 10.0.40219.1
Project("{FAE04EC0-301F-11D3-BF4B-00C04F79EFBC}") = "038SemPOO", "038SemPOO\038SemPOO.csproj", "{7F010F04-A04A-4AE6-9C3C-81244949FBD8}"
EndProject
Global
	GlobalSection(SolutionConfigurationPlatforms) = preSolution
		Debug|Any CPU = Debug|Any CPU
		Release|Any CPU = Release|Any CPU
	EndGlobalSection
	GlobalSection(ProjectConfigurationPlatforms) = postSolution
		{7F010F04-A04A-4AE6-9C3C-81244949FBD8}.Debug|Any CPU.ActiveCfg = Debug|Any CPU
		{7F010F04-A04A-4AE6-9C3C-81244949FBD8}.Debug|Any CPU.Build.0 = Debug|Any CPU
		{7F010F04-A04A-4AE6-9C3C-81244949FBD8}.Release|Any CPU.ActiveCfg = Release|Any CPU
		{7F010F04-A04A-4AE6-9C3C-81244949FBD8}.Release|Any CPU.Build.0 = Release|Any CPU
	EndGlobalSection
	GlobalSection(SolutionProperties) = preSolution
		HideSolutionNode = FALSE
	EndGlobalSection
	GlobalSection(ExtensibilityGlobals) = postSolution
		SolutionGuid = {21962961-E3BE-485A-A030-D44FA3A590CC}
	EndGlobalSection
EndGlobal
