
Microsoft Visual Studio Solution File, Format Version 12.00
# Visual Studio Version 16
VisualStudioVersion = 16.0.29905.134
MinimumVisualStudioVersion = 10.0.40219.1
Project("{FAE04EC0-301F-11D3-BF4B-00C04F79EFBC}") = "001Exercicio", "001Exercicio\001Exercicio.csproj", "{7BB78D1F-FCD8-497C-BAFC-01367F07C2E0}"
EndProject
Global
	GlobalSection(SolutionConfigurationPlatforms) = preSolution
		Debug|Any CPU = Debug|Any CPU
		Release|Any CPU = Release|Any CPU
	EndGlobalSection
	GlobalSection(ProjectConfigurationPlatforms) = postSolution
		{7BB78D1F-FCD8-497C-BAFC-01367F07C2E0}.Debug|Any CPU.ActiveCfg = Debug|Any CPU
		{7BB78D1F-FCD8-497C-BAFC-01367F07C2E0}.Debug|Any CPU.Build.0 = Debug|Any CPU
		{7BB78D1F-FCD8-497C-BAFC-01367F07C2E0}.Release|Any CPU.ActiveCfg = Release|Any CPU
		{7BB78D1F-FCD8-497C-BAFC-01367F07C2E0}.Release|Any CPU.Build.0 = Release|Any CPU
	EndGlobalSection
	GlobalSection(SolutionProperties) = preSolution
		HideSolutionNode = FALSE
	EndGlobalSection
	GlobalSection(ExtensibilityGlobals) = postSolution
		SolutionGuid = {0E7EEA38-2765-47E2-BB0C-D219FFE19485}
	EndGlobalSection
EndGlobal
