
Microsoft Visual Studio Solution File, Format Version 12.00
# Visual Studio Version 16
VisualStudioVersion = 16.0.29806.167
MinimumVisualStudioVersion = 10.0.40219.1
Project("{FAE04EC0-301F-11D3-BF4B-00C04F79EFBC}") = "25_ExercicioFicacao", "25_ExercicioFicacao\25_ExercicioFicacao.csproj", "{779B4627-6E49-46AF-A3AF-BA22A8DC309D}"
EndProject
Global
	GlobalSection(SolutionConfigurationPlatforms) = preSolution
		Debug|Any CPU = Debug|Any CPU
		Release|Any CPU = Release|Any CPU
	EndGlobalSection
	GlobalSection(ProjectConfigurationPlatforms) = postSolution
		{779B4627-6E49-46AF-A3AF-BA22A8DC309D}.Debug|Any CPU.ActiveCfg = Debug|Any CPU
		{779B4627-6E49-46AF-A3AF-BA22A8DC309D}.Debug|Any CPU.Build.0 = Debug|Any CPU
		{779B4627-6E49-46AF-A3AF-BA22A8DC309D}.Release|Any CPU.ActiveCfg = Release|Any CPU
		{779B4627-6E49-46AF-A3AF-BA22A8DC309D}.Release|Any CPU.Build.0 = Release|Any CPU
	EndGlobalSection
	GlobalSection(SolutionProperties) = preSolution
		HideSolutionNode = FALSE
	EndGlobalSection
	GlobalSection(ExtensibilityGlobals) = postSolution
		SolutionGuid = {C355E27D-C812-472F-9175-C277F940F127}
	EndGlobalSection
EndGlobal
