
Microsoft Visual Studio Solution File, Format Version 12.00
# Visual Studio Version 16
VisualStudioVersion = 16.0.30002.166
MinimumVisualStudioVersion = 10.0.40219.1
Project("{FAE04EC0-301F-11D3-BF4B-00C04F79EFBC}") = "066TiposReferencia", "066TiposReferencia\066TiposReferencia.csproj", "{7B1FF4AC-E40E-42D0-A655-C3D408431923}"
EndProject
Global
	GlobalSection(SolutionConfigurationPlatforms) = preSolution
		Debug|Any CPU = Debug|Any CPU
		Release|Any CPU = Release|Any CPU
	EndGlobalSection
	GlobalSection(ProjectConfigurationPlatforms) = postSolution
		{7B1FF4AC-E40E-42D0-A655-C3D408431923}.Debug|Any CPU.ActiveCfg = Debug|Any CPU
		{7B1FF4AC-E40E-42D0-A655-C3D408431923}.Debug|Any CPU.Build.0 = Debug|Any CPU
		{7B1FF4AC-E40E-42D0-A655-C3D408431923}.Release|Any CPU.ActiveCfg = Release|Any CPU
		{7B1FF4AC-E40E-42D0-A655-C3D408431923}.Release|Any CPU.Build.0 = Release|Any CPU
	EndGlobalSection
	GlobalSection(SolutionProperties) = preSolution
		HideSolutionNode = FALSE
	EndGlobalSection
	GlobalSection(ExtensibilityGlobals) = postSolution
		SolutionGuid = {6AB5D0D6-EB8D-4876-8826-4839D23CCD66}
	EndGlobalSection
EndGlobal
