
Microsoft Visual Studio Solution File, Format Version 12.00
# Visual Studio Version 16
VisualStudioVersion = 16.0.29911.84
MinimumVisualStudioVersion = 10.0.40219.1
Project("{FAE04EC0-301F-11D3-BF4B-00C04F79EFBC}") = "002Exercicio", "002Exercicio\002Exercicio.csproj", "{5342201B-106A-44BE-B86E-BD4E1C4C7372}"
EndProject
Global
	GlobalSection(SolutionConfigurationPlatforms) = preSolution
		Debug|Any CPU = Debug|Any CPU
		Release|Any CPU = Release|Any CPU
	EndGlobalSection
	GlobalSection(ProjectConfigurationPlatforms) = postSolution
		{5342201B-106A-44BE-B86E-BD4E1C4C7372}.Debug|Any CPU.ActiveCfg = Debug|Any CPU
		{5342201B-106A-44BE-B86E-BD4E1C4C7372}.Debug|Any CPU.Build.0 = Debug|Any CPU
		{5342201B-106A-44BE-B86E-BD4E1C4C7372}.Release|Any CPU.ActiveCfg = Release|Any CPU
		{5342201B-106A-44BE-B86E-BD4E1C4C7372}.Release|Any CPU.Build.0 = Release|Any CPU
	EndGlobalSection
	GlobalSection(SolutionProperties) = preSolution
		HideSolutionNode = FALSE
	EndGlobalSection
	GlobalSection(ExtensibilityGlobals) = postSolution
		SolutionGuid = {67D50984-9FF7-4E32-B377-3AB5202C34E5}
	EndGlobalSection
EndGlobal
