
Microsoft Visual Studio Solution File, Format Version 12.00
# Visual Studio Version 16
VisualStudioVersion = 16.0.29905.134
MinimumVisualStudioVersion = 10.0.40219.1
Project("{FAE04EC0-301F-11D3-BF4B-00C04F79EFBC}") = "008Exercicio", "008Exercicio\008Exercicio.csproj", "{D4E1004D-65A6-4CC0-8035-79C4025B48BE}"
EndProject
Global
	GlobalSection(SolutionConfigurationPlatforms) = preSolution
		Debug|Any CPU = Debug|Any CPU
		Release|Any CPU = Release|Any CPU
	EndGlobalSection
	GlobalSection(ProjectConfigurationPlatforms) = postSolution
		{D4E1004D-65A6-4CC0-8035-79C4025B48BE}.Debug|Any CPU.ActiveCfg = Debug|Any CPU
		{D4E1004D-65A6-4CC0-8035-79C4025B48BE}.Debug|Any CPU.Build.0 = Debug|Any CPU
		{D4E1004D-65A6-4CC0-8035-79C4025B48BE}.Release|Any CPU.ActiveCfg = Release|Any CPU
		{D4E1004D-65A6-4CC0-8035-79C4025B48BE}.Release|Any CPU.Build.0 = Release|Any CPU
	EndGlobalSection
	GlobalSection(SolutionProperties) = preSolution
		HideSolutionNode = FALSE
	EndGlobalSection
	GlobalSection(ExtensibilityGlobals) = postSolution
		SolutionGuid = {F86A68FF-617A-4321-AEF5-6398A9B0FD72}
	EndGlobalSection
EndGlobal
