
Microsoft Visual Studio Solution File, Format Version 12.00
# Visual Studio Version 16
VisualStudioVersion = 16.0.30002.166
MinimumVisualStudioVersion = 10.0.40219.1
Project("{FAE04EC0-301F-11D3-BF4B-00C04F79EFBC}") = "070Vetores", "070Vetores\070Vetores.csproj", "{A658C835-D103-424A-8A40-C5574B31595C}"
EndProject
Global
	GlobalSection(SolutionConfigurationPlatforms) = preSolution
		Debug|Any CPU = Debug|Any CPU
		Release|Any CPU = Release|Any CPU
	EndGlobalSection
	GlobalSection(ProjectConfigurationPlatforms) = postSolution
		{A658C835-D103-424A-8A40-C5574B31595C}.Debug|Any CPU.ActiveCfg = Debug|Any CPU
		{A658C835-D103-424A-8A40-C5574B31595C}.Debug|Any CPU.Build.0 = Debug|Any CPU
		{A658C835-D103-424A-8A40-C5574B31595C}.Release|Any CPU.ActiveCfg = Release|Any CPU
		{A658C835-D103-424A-8A40-C5574B31595C}.Release|Any CPU.Build.0 = Release|Any CPU
	EndGlobalSection
	GlobalSection(SolutionProperties) = preSolution
		HideSolutionNode = FALSE
	EndGlobalSection
	GlobalSection(ExtensibilityGlobals) = postSolution
		SolutionGuid = {213EAB3E-3D7B-4D07-BE93-B5BA1DF780C3}
	EndGlobalSection
EndGlobal
