
Microsoft Visual Studio Solution File, Format Version 12.00
# Visual Studio Version 16
VisualStudioVersion = 16.0.30002.166
MinimumVisualStudioVersion = 10.0.40219.1
Project("{FAE04EC0-301F-11D3-BF4B-00C04F79EFBC}") = "071Exercicio", "071Exercicio\071Exercicio.csproj", "{7817FF04-B1B6-4662-A215-3FBF9EDFC5D0}"
EndProject
Global
	GlobalSection(SolutionConfigurationPlatforms) = preSolution
		Debug|Any CPU = Debug|Any CPU
		Release|Any CPU = Release|Any CPU
	EndGlobalSection
	GlobalSection(ProjectConfigurationPlatforms) = postSolution
		{7817FF04-B1B6-4662-A215-3FBF9EDFC5D0}.Debug|Any CPU.ActiveCfg = Debug|Any CPU
		{7817FF04-B1B6-4662-A215-3FBF9EDFC5D0}.Debug|Any CPU.Build.0 = Debug|Any CPU
		{7817FF04-B1B6-4662-A215-3FBF9EDFC5D0}.Release|Any CPU.ActiveCfg = Release|Any CPU
		{7817FF04-B1B6-4662-A215-3FBF9EDFC5D0}.Release|Any CPU.Build.0 = Release|Any CPU
	EndGlobalSection
	GlobalSection(SolutionProperties) = preSolution
		HideSolutionNode = FALSE
	EndGlobalSection
	GlobalSection(ExtensibilityGlobals) = postSolution
		SolutionGuid = {C90C90F8-CDE9-4EE7-8041-4C3FA4B4A7AC}
	EndGlobalSection
EndGlobal
