
Microsoft Visual Studio Solution File, Format Version 12.00
# Visual Studio Version 16
VisualStudioVersion = 16.0.29905.134
MinimumVisualStudioVersion = 10.0.40219.1
Project("{FAE04EC0-301F-11D3-BF4B-00C04F79EFBC}") = "025OperadoresComparativos", "025OperadoresComparativos\025OperadoresComparativos.csproj", "{C15F5ACD-522E-406A-A3A2-CD9B4EC0C455}"
EndProject
Global
	GlobalSection(SolutionConfigurationPlatforms) = preSolution
		Debug|Any CPU = Debug|Any CPU
		Release|Any CPU = Release|Any CPU
	EndGlobalSection
	GlobalSection(ProjectConfigurationPlatforms) = postSolution
		{C15F5ACD-522E-406A-A3A2-CD9B4EC0C455}.Debug|Any CPU.ActiveCfg = Debug|Any CPU
		{C15F5ACD-522E-406A-A3A2-CD9B4EC0C455}.Debug|Any CPU.Build.0 = Debug|Any CPU
		{C15F5ACD-522E-406A-A3A2-CD9B4EC0C455}.Release|Any CPU.ActiveCfg = Release|Any CPU
		{C15F5ACD-522E-406A-A3A2-CD9B4EC0C455}.Release|Any CPU.Build.0 = Release|Any CPU
	EndGlobalSection
	GlobalSection(SolutionProperties) = preSolution
		HideSolutionNode = FALSE
	EndGlobalSection
	GlobalSection(ExtensibilityGlobals) = postSolution
		SolutionGuid = {798DC380-0006-4254-8227-0A5FC9148207}
	EndGlobalSection
EndGlobal
