
Microsoft Visual Studio Solution File, Format Version 12.00
# Visual Studio Version 16
VisualStudioVersion = 16.0.30011.22
MinimumVisualStudioVersion = 10.0.40219.1
Project("{FAE04EC0-301F-11D3-BF4B-00C04F79EFBC}") = "091TimeSpan", "091TimeSpan\091TimeSpan.csproj", "{A6ED2C91-3C3E-4D22-A0C5-5B8F2119C21B}"
EndProject
Global
	GlobalSection(SolutionConfigurationPlatforms) = preSolution
		Debug|Any CPU = Debug|Any CPU
		Release|Any CPU = Release|Any CPU
	EndGlobalSection
	GlobalSection(ProjectConfigurationPlatforms) = postSolution
		{A6ED2C91-3C3E-4D22-A0C5-5B8F2119C21B}.Debug|Any CPU.ActiveCfg = Debug|Any CPU
		{A6ED2C91-3C3E-4D22-A0C5-5B8F2119C21B}.Debug|Any CPU.Build.0 = Debug|Any CPU
		{A6ED2C91-3C3E-4D22-A0C5-5B8F2119C21B}.Release|Any CPU.ActiveCfg = Release|Any CPU
		{A6ED2C91-3C3E-4D22-A0C5-5B8F2119C21B}.Release|Any CPU.Build.0 = Release|Any CPU
	EndGlobalSection
	GlobalSection(SolutionProperties) = preSolution
		HideSolutionNode = FALSE
	EndGlobalSection
	GlobalSection(ExtensibilityGlobals) = postSolution
		SolutionGuid = {BB89CA54-D49C-4F28-A9A6-6FA9E3A35098}
	EndGlobalSection
EndGlobal
