
Microsoft Visual Studio Solution File, Format Version 12.00
# Visual Studio Version 16
VisualStudioVersion = 16.0.29920.165
MinimumVisualStudioVersion = 10.0.40219.1
Project("{FAE04EC0-301F-11D3-BF4B-00C04F79EFBC}") = "042Metodo", "042Metodo\042Metodo.csproj", "{6DF4D8B4-77E2-40F5-B134-C6CB2F3C637C}"
EndProject
Global
	GlobalSection(SolutionConfigurationPlatforms) = preSolution
		Debug|Any CPU = Debug|Any CPU
		Release|Any CPU = Release|Any CPU
	EndGlobalSection
	GlobalSection(ProjectConfigurationPlatforms) = postSolution
		{6DF4D8B4-77E2-40F5-B134-C6CB2F3C637C}.Debug|Any CPU.ActiveCfg = Debug|Any CPU
		{6DF4D8B4-77E2-40F5-B134-C6CB2F3C637C}.Debug|Any CPU.Build.0 = Debug|Any CPU
		{6DF4D8B4-77E2-40F5-B134-C6CB2F3C637C}.Release|Any CPU.ActiveCfg = Release|Any CPU
		{6DF4D8B4-77E2-40F5-B134-C6CB2F3C637C}.Release|Any CPU.Build.0 = Release|Any CPU
	EndGlobalSection
	GlobalSection(SolutionProperties) = preSolution
		HideSolutionNode = FALSE
	EndGlobalSection
	GlobalSection(ExtensibilityGlobals) = postSolution
		SolutionGuid = {FF2F0E3E-0B23-49D3-8740-A895CD210D23}
	EndGlobalSection
EndGlobal
